
Microsoft Visual Studio Solution File, Format Version 12.00
# Visual Studio Version 17
VisualStudioVersion = 17.4.33110.190
MinimumVisualStudioVersion = 10.0.40219.1
Project("{9A19103F-16F7-4668-BE54-9A1E7A4F7556}") = "Eum.Api", "Eum.Api\Eum.Api.csproj", "{021FABC1-C5D0-4252-B2A7-AA03D5B1BB7C}"
EndProject
Project("{2150E333-8FDC-42A3-9474-1A3956D46DE8}") = "01. Eum.Core", "01. Eum.Core", "{492E575B-3387-46E4-9271-36CA35AE9177}"
EndProject
Project("{2150E333-8FDC-42A3-9474-1A3956D46DE8}") = "02. Eum.Infrastructure", "02. Eum.Infrastructure", "{ED189655-B045-452D-8D99-1733F0395FF2}"
EndProject
Project("{2150E333-8FDC-42A3-9474-1A3956D46DE8}") = "04. Eum.Module", "04. Eum.Module", "{A70AE28D-6EE5-411D-96EC-9000D945FA48}"
EndProject
Project("{2150E333-8FDC-42A3-9474-1A3956D46DE8}") = "03. Eum.Shared", "03. Eum.Shared", "{FB61E7FF-F9A0-4296-810A-5AD6A9701550}"
EndProject
Project("{9A19103F-16F7-4668-BE54-9A1E7A4F7556}") = "Eum.Core.Interfaces", "Eum.Core\Eum.Core.Interfaces\Eum.Core.Interfaces.csproj", "{DEB7F8CB-A248-4DE9-9CBD-201E166CA327}"
EndProject
Project("{9A19103F-16F7-4668-BE54-9A1E7A4F7556}") = "Eum.Core.Entities", "Eum.Core\Eum.Core.Entities\Eum.Core.Entities.csproj", "{470B5A5B-7884-4B91-A0AB-868FF30C714B}"
EndProject
Project("{9A19103F-16F7-4668-BE54-9A1E7A4F7556}") = "Eum.Core.Services", "Eum.Core\Eum.Core.Services\Eum.Core.Services.csproj", "{B8ACEE84-DF45-4756-9F8B-97A86F49F47F}"
EndProject
Project("{2150E333-8FDC-42A3-9474-1A3956D46DE8}") = "Mail", "Mail", "{DD15EA62-42E2-4BFD-ADAA-1D3CDBA4C5A0}"
EndProject
Project("{2150E333-8FDC-42A3-9474-1A3956D46DE8}") = "Workflow", "Workflow", "{C59855EE-2A90-4789-930B-39C7F4496555}"
EndProject
Project("{2150E333-8FDC-42A3-9474-1A3956D46DE8}") = "Board", "Board", "{5A99622E-63AA-4042-B112-AB5ADF759FB6}"
EndProject
Project("{9A19103F-16F7-4668-BE54-9A1E7A4F7556}") = "Eum.Shared.Core", "Eum.Shared\Eum.Shared.Core\Eum.Shared.Core.csproj", "{BE0C8662-7B66-4ECB-8408-8D8632E42EE8}"
EndProject
Project("{9A19103F-16F7-4668-BE54-9A1E7A4F7556}") = "Eum.Shared.Infrastructure", "Eum.Shared\Eum.Shared.Infrastructure\Eum.Shared.Infrastructure.csproj", "{2C22D5DD-435F-47CA-BECA-4EF29D7D248D}"
EndProject
Project("{9A19103F-16F7-4668-BE54-9A1E7A4F7556}") = "Eum.Module.Board", "Eum.Module\Board\Eum.Module.Board\Eum.Module.Board.csproj", "{38423E10-4E3A-458A-A9C8-CF5D6FC7CA51}"
EndProject
Project("{9A19103F-16F7-4668-BE54-9A1E7A4F7556}") = "Eum.Module.Board.Core", "Eum.Module\Board\Eum.Module.Board.Core\Eum.Module.Board.Core.csproj", "{F2D5D5C8-ACA1-4FD8-9DD9-6E38BB96A465}"
EndProject
Project("{9A19103F-16F7-4668-BE54-9A1E7A4F7556}") = "Eum.ModuleBoard.Infrastructure", "Eum.Module\Board\Eum.ModuleBoard.Infrastructure\Eum.ModuleBoard.Infrastructure.csproj", "{05EC1E51-C92C-4D36-828F-0AC0B3EA50D3}"
EndProject
Global
	GlobalSection(SolutionConfigurationPlatforms) = preSolution
		Debug|Any CPU = Debug|Any CPU
		Release|Any CPU = Release|Any CPU
	EndGlobalSection
	GlobalSection(ProjectConfigurationPlatforms) = postSolution
		{021FABC1-C5D0-4252-B2A7-AA03D5B1BB7C}.Debug|Any CPU.ActiveCfg = Debug|Any CPU
		{021FABC1-C5D0-4252-B2A7-AA03D5B1BB7C}.Debug|Any CPU.Build.0 = Debug|Any CPU
		{021FABC1-C5D0-4252-B2A7-AA03D5B1BB7C}.Release|Any CPU.ActiveCfg = Release|Any CPU
		{021FABC1-C5D0-4252-B2A7-AA03D5B1BB7C}.Release|Any CPU.Build.0 = Release|Any CPU
		{DEB7F8CB-A248-4DE9-9CBD-201E166CA327}.Debug|Any CPU.ActiveCfg = Debug|Any CPU
		{DEB7F8CB-A248-4DE9-9CBD-201E166CA327}.Debug|Any CPU.Build.0 = Debug|Any CPU
		{DEB7F8CB-A248-4DE9-9CBD-201E166CA327}.Release|Any CPU.ActiveCfg = Release|Any CPU
		{DEB7F8CB-A248-4DE9-9CBD-201E166CA327}.Release|Any CPU.Build.0 = Release|Any CPU
		{470B5A5B-7884-4B91-A0AB-868FF30C714B}.Debug|Any CPU.ActiveCfg = Debug|Any CPU
		{470B5A5B-7884-4B91-A0AB-868FF30C714B}.Debug|Any CPU.Build.0 = Debug|Any CPU
		{470B5A5B-7884-4B91-A0AB-868FF30C714B}.Release|Any CPU.ActiveCfg = Release|Any CPU
		{470B5A5B-7884-4B91-A0AB-868FF30C714B}.Release|Any CPU.Build.0 = Release|Any CPU
		{B8ACEE84-DF45-4756-9F8B-97A86F49F47F}.Debug|Any CPU.ActiveCfg = Debug|Any CPU
		{B8ACEE84-DF45-4756-9F8B-97A86F49F47F}.Debug|Any CPU.Build.0 = Debug|Any CPU
		{B8ACEE84-DF45-4756-9F8B-97A86F49F47F}.Release|Any CPU.ActiveCfg = Release|Any CPU
		{B8ACEE84-DF45-4756-9F8B-97A86F49F47F}.Release|Any CPU.Build.0 = Release|Any CPU
		{BE0C8662-7B66-4ECB-8408-8D8632E42EE8}.Debug|Any CPU.ActiveCfg = Debug|Any CPU
		{BE0C8662-7B66-4ECB-8408-8D8632E42EE8}.Debug|Any CPU.Build.0 = Debug|Any CPU
		{BE0C8662-7B66-4ECB-8408-8D8632E42EE8}.Release|Any CPU.ActiveCfg = Release|Any CPU
		{BE0C8662-7B66-4ECB-8408-8D8632E42EE8}.Release|Any CPU.Build.0 = Release|Any CPU
		{2C22D5DD-435F-47CA-BECA-4EF29D7D248D}.Debug|Any CPU.ActiveCfg = Debug|Any CPU
		{2C22D5DD-435F-47CA-BECA-4EF29D7D248D}.Debug|Any CPU.Build.0 = Debug|Any CPU
		{2C22D5DD-435F-47CA-BECA-4EF29D7D248D}.Release|Any CPU.ActiveCfg = Release|Any CPU
		{2C22D5DD-435F-47CA-BECA-4EF29D7D248D}.Release|Any CPU.Build.0 = Release|Any CPU
		{38423E10-4E3A-458A-A9C8-CF5D6FC7CA51}.Debug|Any CPU.ActiveCfg = Debug|Any CPU
		{38423E10-4E3A-458A-A9C8-CF5D6FC7CA51}.Debug|Any CPU.Build.0 = Debug|Any CPU
		{38423E10-4E3A-458A-A9C8-CF5D6FC7CA51}.Release|Any CPU.ActiveCfg = Release|Any CPU
		{38423E10-4E3A-458A-A9C8-CF5D6FC7CA51}.Release|Any CPU.Build.0 = Release|Any CPU
		{F2D5D5C8-ACA1-4FD8-9DD9-6E38BB96A465}.Debug|Any CPU.ActiveCfg = Debug|Any CPU
		{F2D5D5C8-ACA1-4FD8-9DD9-6E38BB96A465}.Debug|Any CPU.Build.0 = Debug|Any CPU
		{F2D5D5C8-ACA1-4FD8-9DD9-6E38BB96A465}.Release|Any CPU.ActiveCfg = Release|Any CPU
		{F2D5D5C8-ACA1-4FD8-9DD9-6E38BB96A465}.Release|Any CPU.Build.0 = Release|Any CPU
		{05EC1E51-C92C-4D36-828F-0AC0B3EA50D3}.Debug|Any CPU.ActiveCfg = Debug|Any CPU
		{05EC1E51-C92C-4D36-828F-0AC0B3EA50D3}.Debug|Any CPU.Build.0 = Debug|Any CPU
		{05EC1E51-C92C-4D36-828F-0AC0B3EA50D3}.Release|Any CPU.ActiveCfg = Release|Any CPU
		{05EC1E51-C92C-4D36-828F-0AC0B3EA50D3}.Release|Any CPU.Build.0 = Release|Any CPU
	EndGlobalSection
	GlobalSection(SolutionProperties) = preSolution
		HideSolutionNode = FALSE
	EndGlobalSection
	GlobalSection(NestedProjects) = preSolution
		{DEB7F8CB-A248-4DE9-9CBD-201E166CA327} = {492E575B-3387-46E4-9271-36CA35AE9177}
		{470B5A5B-7884-4B91-A0AB-868FF30C714B} = {492E575B-3387-46E4-9271-36CA35AE9177}
		{B8ACEE84-DF45-4756-9F8B-97A86F49F47F} = {492E575B-3387-46E4-9271-36CA35AE9177}
		{DD15EA62-42E2-4BFD-ADAA-1D3CDBA4C5A0} = {A70AE28D-6EE5-411D-96EC-9000D945FA48}
		{C59855EE-2A90-4789-930B-39C7F4496555} = {A70AE28D-6EE5-411D-96EC-9000D945FA48}
		{5A99622E-63AA-4042-B112-AB5ADF759FB6} = {A70AE28D-6EE5-411D-96EC-9000D945FA48}
		{BE0C8662-7B66-4ECB-8408-8D8632E42EE8} = {FB61E7FF-F9A0-4296-810A-5AD6A9701550}
		{2C22D5DD-435F-47CA-BECA-4EF29D7D248D} = {FB61E7FF-F9A0-4296-810A-5AD6A9701550}
		{38423E10-4E3A-458A-A9C8-CF5D6FC7CA51} = {5A99622E-63AA-4042-B112-AB5ADF759FB6}
		{F2D5D5C8-ACA1-4FD8-9DD9-6E38BB96A465} = {5A99622E-63AA-4042-B112-AB5ADF759FB6}
		{05EC1E51-C92C-4D36-828F-0AC0B3EA50D3} = {5A99622E-63AA-4042-B112-AB5ADF759FB6}
	EndGlobalSection
	GlobalSection(ExtensibilityGlobals) = postSolution
		SolutionGuid = {4F7E4409-6E24-433E-AFEB-941FC51B76A2}
	EndGlobalSection
EndGlobal
