
Microsoft Visual Studio Solution File, Format Version 12.00
# Visual Studio Version 17
VisualStudioVersion = 17.4.33110.190
MinimumVisualStudioVersion = 10.0.40219.1
Project("{9A19103F-16F7-4668-BE54-9A1E7A4F7556}") = "Eum.Api", "Eum.Api\Eum.Api.csproj", "{021FABC1-C5D0-4252-B2A7-AA03D5B1BB7C}"
EndProject
Project("{2150E333-8FDC-42A3-9474-1A3956D46DE8}") = "01. Eum.Shared.Common", "01. Eum.Shared.Common", "{492E575B-3387-46E4-9271-36CA35AE9177}"
EndProject
Project("{2150E333-8FDC-42A3-9474-1A3956D46DE8}") = "02. Eum.EventBus", "02. Eum.EventBus", "{ED189655-B045-452D-8D99-1733F0395FF2}"
EndProject
Project("{2150E333-8FDC-42A3-9474-1A3956D46DE8}") = "04. Eum.Module", "04. Eum.Module", "{A70AE28D-6EE5-411D-96EC-9000D945FA48}"
EndProject
Project("{2150E333-8FDC-42A3-9474-1A3956D46DE8}") = "03. Eum.Shared", "03. Eum.Shared", "{FB61E7FF-F9A0-4296-810A-5AD6A9701550}"
EndProject
Project("{2150E333-8FDC-42A3-9474-1A3956D46DE8}") = "Mail", "Mail", "{DD15EA62-42E2-4BFD-ADAA-1D3CDBA4C5A0}"
EndProject
Project("{2150E333-8FDC-42A3-9474-1A3956D46DE8}") = "Workflow", "Workflow", "{C59855EE-2A90-4789-930B-39C7F4496555}"
EndProject
Project("{2150E333-8FDC-42A3-9474-1A3956D46DE8}") = "Board", "Board", "{5A99622E-63AA-4042-B112-AB5ADF759FB6}"
EndProject
Project("{9A19103F-16F7-4668-BE54-9A1E7A4F7556}") = "Eum.Module.Board", "Eum.Module\Board\Eum.Module.Board\Eum.Module.Board.csproj", "{38423E10-4E3A-458A-A9C8-CF5D6FC7CA51}"
EndProject
Project("{9A19103F-16F7-4668-BE54-9A1E7A4F7556}") = "Eum.Module.Board.Core", "Eum.Module\Board\Eum.Module.Board.Core\Eum.Module.Board.Core.csproj", "{F2D5D5C8-ACA1-4FD8-9DD9-6E38BB96A465}"
EndProject
Project("{9A19103F-16F7-4668-BE54-9A1E7A4F7556}") = "Eum.Module.Board.Infrastructure", "Eum.Module\Board\Eum.ModuleBoard.Infrastructure\Eum.Module.Board.Infrastructure.csproj", "{05EC1E51-C92C-4D36-828F-0AC0B3EA50D3}"
EndProject
Project("{2150E333-8FDC-42A3-9474-1A3956D46DE8}") = "Feelanet", "Feelanet", "{5AF9B984-6166-4D4D-B931-650A284696A0}"
EndProject
Project("{9A19103F-16F7-4668-BE54-9A1E7A4F7556}") = "Eum.Module.Feelanet", "Eum.Module\Feelanet\Eum.Module.Feelanet\Eum.Module.Feelanet.csproj", "{CA483652-0274-43D9-B229-AAF1675A3B6E}"
EndProject
Project("{9A19103F-16F7-4668-BE54-9A1E7A4F7556}") = "Eum.Module.Feelanet.Core", "Eum.Module\Feelanet\Eum.Module.Feelanet.Core\Eum.Module.Feelanet.Core.csproj", "{FFC96904-08A3-4CF4-A225-941B80F1229F}"
EndProject
Project("{9A19103F-16F7-4668-BE54-9A1E7A4F7556}") = "Eum.Module.Feelanet.Infrastructure", "Eum.Module\Feelanet\Eum.Module.Feelanet.Infrastructure\Eum.Module.Feelanet.Infrastructure.csproj", "{FAB5A407-D270-4CB5-A7E6-851F57D3E886}"
EndProject
Project("{9A19103F-16F7-4668-BE54-9A1E7A4F7556}") = "Eum.Module.Board.Shared", "Eum.Module\Board\Eum.Module.Board.Shared\Eum.Module.Board.Shared.csproj", "{2AE1B46A-DFEE-4E17-AA6D-CC6CBCD71694}"
EndProject
Project("{9A19103F-16F7-4668-BE54-9A1E7A4F7556}") = "Eum.Shared.Common", "Eum.Common\Eum.Shared.Common\Eum.Shared.Common.csproj", "{A1D816B3-B359-460A-877F-F5D04E7970D3}"
EndProject
Project("{2150E333-8FDC-42A3-9474-1A3956D46DE8}") = "05. Test", "05. Test", "{D4DBEAA9-18E5-49D1-9EBB-993A428EDDB9}"
EndProject
Project("{9A19103F-16F7-4668-BE54-9A1E7A4F7556}") = "TestProject1", "..\Test\TestProject1\TestProject1.csproj", "{8C465D22-7DE4-4BF2-8556-952B76E5BA39}"
EndProject
Project("{FAE04EC0-301F-11D3-BF4B-00C04F79EFBC}") = "Eum.EventBus", "Eum.EventBus\Eum.EventBus\Eum.EventBus.csproj", "{B936B900-507C-4C27-8A41-760316B177BC}"
EndProject
Project("{FAE04EC0-301F-11D3-BF4B-00C04F79EFBC}") = "Eum.EventBus.Abstractions", "Eum.EventBus\Eum.EventBus.Abstractions\Eum.EventBus.Abstractions.csproj", "{A002F33C-F4D4-40D0-AC34-97CE0181612D}"
EndProject
Project("{FAE04EC0-301F-11D3-BF4B-00C04F79EFBC}") = "Eum.EventBus.Core", "Eum.EventBus\Eum.EventBus.Core\Eum.EventBus.Core.csproj", "{CD48B4F6-DB32-492A-8C4F-91019F9BF29D}"
EndProject
Project("{2150E333-8FDC-42A3-9474-1A3956D46DE8}") = "Organization", "Organization", "{74ECDDAC-EB20-4058-85DA-CFAA29AA39B2}"
EndProject
Project("{FAE04EC0-301F-11D3-BF4B-00C04F79EFBC}") = "Eum.Module.Organization", "Eum.Module\Organization\Eum.Module.Organization\Eum.Module.Organization.csproj", "{1C7B6C96-C99E-4C48-995F-C9C83904D8A4}"
EndProject
Project("{FAE04EC0-301F-11D3-BF4B-00C04F79EFBC}") = "Eum.Module.Organization.Core", "Eum.Module\Organization\Eum.Module.Organization.Core\Eum.Module.Organization.Core.csproj", "{8C46197C-0A0A-403F-BD21-6F1C00F25416}"
EndProject
Project("{FAE04EC0-301F-11D3-BF4B-00C04F79EFBC}") = "Eum.Module.Organization.Infrastructure", "Eum.Module\Organization\Eum.Module.Organization.Infrastructure\Eum.Module.Organization.Infrastructure.csproj", "{1A17B7E9-726F-4C2D-9157-BBE010EC44F9}"
EndProject
Project("{FAE04EC0-301F-11D3-BF4B-00C04F79EFBC}") = "Eum.Module.Organization.Shared", "Eum.Module\Organization\Eum.Module.Organization.Shared\Eum.Module.Organization.Shared.csproj", "{44229961-460D-4870-9E5F-237F116B092B}"
EndProject
Project("{FAE04EC0-301F-11D3-BF4B-00C04F79EFBC}") = "Eum.Module.Mail", "Eum.Module\Mail\Eum.Module.Mail\Eum.Module.Mail.csproj", "{93AFE19E-2576-4EF6-A1E5-36E6961EDC1C}"
EndProject
Project("{2150E333-8FDC-42A3-9474-1A3956D46DE8}") = "99. Eum.Host", "99. Eum.Host", "{E45F0D16-72ED-4F35-A51A-C4A8FEF9A11F}"
EndProject
Project("{2150E333-8FDC-42A3-9474-1A3956D46DE8}") = "Common", "Common", "{30FFE491-99B4-4E89-9278-BCF0C1A5616E}"
EndProject
Project("{FAE04EC0-301F-11D3-BF4B-00C04F79EFBC}") = "Eum.Module.Common", "Eum.Module\Common\Eum.Module.Common\Eum.Module.Common.csproj", "{6D785C8D-4E2C-492C-9A2F-3450534A7350}"
EndProject
Project("{FAE04EC0-301F-11D3-BF4B-00C04F79EFBC}") = "Eum.Module.Common.Core", "Eum.Module\Common\Eum.Module.Common.Core\Eum.Module.Common.Core.csproj", "{2553068F-9552-49F8-BA86-7A61042FDD3C}"
EndProject
Project("{FAE04EC0-301F-11D3-BF4B-00C04F79EFBC}") = "Eum.Module.Common.Infrastructure", "Eum.Module\Common\Eum.Module.Common.Infrastructure\Eum.Module.Common.Infrastructure.csproj", "{BE26CA22-E7BB-4B13-B8F0-28FB66181582}"
EndProject
Project("{FAE04EC0-301F-11D3-BF4B-00C04F79EFBC}") = "Eum.Module.Common.Shared", "Eum.Module\Common\Eum.Module.Common.Shared\Eum.Module.Common.Shared.csproj", "{6DD4AFD0-5C18-4CFC-8A3B-9EA767B1E0FB}"
EndProject
Project("{2150E333-8FDC-42A3-9474-1A3956D46DE8}") = "05. Eum.Module.Template", "05. Eum.Module.Template", "{8F3C26BE-D235-4430-A1FA-8A5AA35D0E56}"
EndProject
Global
	GlobalSection(SolutionConfigurationPlatforms) = preSolution
		Debug|Any CPU = Debug|Any CPU
		Release|Any CPU = Release|Any CPU
	EndGlobalSection
	GlobalSection(ProjectConfigurationPlatforms) = postSolution
		{021FABC1-C5D0-4252-B2A7-AA03D5B1BB7C}.Debug|Any CPU.ActiveCfg = Debug|Any CPU
		{021FABC1-C5D0-4252-B2A7-AA03D5B1BB7C}.Debug|Any CPU.Build.0 = Debug|Any CPU
		{021FABC1-C5D0-4252-B2A7-AA03D5B1BB7C}.Release|Any CPU.ActiveCfg = Release|Any CPU
		{021FABC1-C5D0-4252-B2A7-AA03D5B1BB7C}.Release|Any CPU.Build.0 = Release|Any CPU
		{38423E10-4E3A-458A-A9C8-CF5D6FC7CA51}.Debug|Any CPU.ActiveCfg = Debug|Any CPU
		{38423E10-4E3A-458A-A9C8-CF5D6FC7CA51}.Debug|Any CPU.Build.0 = Debug|Any CPU
		{38423E10-4E3A-458A-A9C8-CF5D6FC7CA51}.Release|Any CPU.ActiveCfg = Release|Any CPU
		{38423E10-4E3A-458A-A9C8-CF5D6FC7CA51}.Release|Any CPU.Build.0 = Release|Any CPU
		{F2D5D5C8-ACA1-4FD8-9DD9-6E38BB96A465}.Debug|Any CPU.ActiveCfg = Debug|Any CPU
		{F2D5D5C8-ACA1-4FD8-9DD9-6E38BB96A465}.Debug|Any CPU.Build.0 = Debug|Any CPU
		{F2D5D5C8-ACA1-4FD8-9DD9-6E38BB96A465}.Release|Any CPU.ActiveCfg = Release|Any CPU
		{F2D5D5C8-ACA1-4FD8-9DD9-6E38BB96A465}.Release|Any CPU.Build.0 = Release|Any CPU
		{05EC1E51-C92C-4D36-828F-0AC0B3EA50D3}.Debug|Any CPU.ActiveCfg = Debug|Any CPU
		{05EC1E51-C92C-4D36-828F-0AC0B3EA50D3}.Debug|Any CPU.Build.0 = Debug|Any CPU
		{05EC1E51-C92C-4D36-828F-0AC0B3EA50D3}.Release|Any CPU.ActiveCfg = Release|Any CPU
		{05EC1E51-C92C-4D36-828F-0AC0B3EA50D3}.Release|Any CPU.Build.0 = Release|Any CPU
		{CA483652-0274-43D9-B229-AAF1675A3B6E}.Debug|Any CPU.ActiveCfg = Debug|Any CPU
		{CA483652-0274-43D9-B229-AAF1675A3B6E}.Debug|Any CPU.Build.0 = Debug|Any CPU
		{CA483652-0274-43D9-B229-AAF1675A3B6E}.Release|Any CPU.ActiveCfg = Release|Any CPU
		{CA483652-0274-43D9-B229-AAF1675A3B6E}.Release|Any CPU.Build.0 = Release|Any CPU
		{FFC96904-08A3-4CF4-A225-941B80F1229F}.Debug|Any CPU.ActiveCfg = Debug|Any CPU
		{FFC96904-08A3-4CF4-A225-941B80F1229F}.Debug|Any CPU.Build.0 = Debug|Any CPU
		{FFC96904-08A3-4CF4-A225-941B80F1229F}.Release|Any CPU.ActiveCfg = Release|Any CPU
		{FFC96904-08A3-4CF4-A225-941B80F1229F}.Release|Any CPU.Build.0 = Release|Any CPU
		{FAB5A407-D270-4CB5-A7E6-851F57D3E886}.Debug|Any CPU.ActiveCfg = Debug|Any CPU
		{FAB5A407-D270-4CB5-A7E6-851F57D3E886}.Debug|Any CPU.Build.0 = Debug|Any CPU
		{FAB5A407-D270-4CB5-A7E6-851F57D3E886}.Release|Any CPU.ActiveCfg = Release|Any CPU
		{FAB5A407-D270-4CB5-A7E6-851F57D3E886}.Release|Any CPU.Build.0 = Release|Any CPU
		{2AE1B46A-DFEE-4E17-AA6D-CC6CBCD71694}.Debug|Any CPU.ActiveCfg = Debug|Any CPU
		{2AE1B46A-DFEE-4E17-AA6D-CC6CBCD71694}.Debug|Any CPU.Build.0 = Debug|Any CPU
		{2AE1B46A-DFEE-4E17-AA6D-CC6CBCD71694}.Release|Any CPU.ActiveCfg = Release|Any CPU
		{2AE1B46A-DFEE-4E17-AA6D-CC6CBCD71694}.Release|Any CPU.Build.0 = Release|Any CPU
		{A1D816B3-B359-460A-877F-F5D04E7970D3}.Debug|Any CPU.ActiveCfg = Debug|Any CPU
		{A1D816B3-B359-460A-877F-F5D04E7970D3}.Debug|Any CPU.Build.0 = Debug|Any CPU
		{A1D816B3-B359-460A-877F-F5D04E7970D3}.Release|Any CPU.ActiveCfg = Release|Any CPU
		{A1D816B3-B359-460A-877F-F5D04E7970D3}.Release|Any CPU.Build.0 = Release|Any CPU
		{8C465D22-7DE4-4BF2-8556-952B76E5BA39}.Debug|Any CPU.ActiveCfg = Debug|Any CPU
		{8C465D22-7DE4-4BF2-8556-952B76E5BA39}.Debug|Any CPU.Build.0 = Debug|Any CPU
		{8C465D22-7DE4-4BF2-8556-952B76E5BA39}.Release|Any CPU.ActiveCfg = Release|Any CPU
		{8C465D22-7DE4-4BF2-8556-952B76E5BA39}.Release|Any CPU.Build.0 = Release|Any CPU
		{B936B900-507C-4C27-8A41-760316B177BC}.Debug|Any CPU.ActiveCfg = Debug|Any CPU
		{B936B900-507C-4C27-8A41-760316B177BC}.Debug|Any CPU.Build.0 = Debug|Any CPU
		{B936B900-507C-4C27-8A41-760316B177BC}.Release|Any CPU.ActiveCfg = Release|Any CPU
		{B936B900-507C-4C27-8A41-760316B177BC}.Release|Any CPU.Build.0 = Release|Any CPU
		{A002F33C-F4D4-40D0-AC34-97CE0181612D}.Debug|Any CPU.ActiveCfg = Debug|Any CPU
		{A002F33C-F4D4-40D0-AC34-97CE0181612D}.Debug|Any CPU.Build.0 = Debug|Any CPU
		{A002F33C-F4D4-40D0-AC34-97CE0181612D}.Release|Any CPU.ActiveCfg = Release|Any CPU
		{A002F33C-F4D4-40D0-AC34-97CE0181612D}.Release|Any CPU.Build.0 = Release|Any CPU
		{CD48B4F6-DB32-492A-8C4F-91019F9BF29D}.Debug|Any CPU.ActiveCfg = Debug|Any CPU
		{CD48B4F6-DB32-492A-8C4F-91019F9BF29D}.Debug|Any CPU.Build.0 = Debug|Any CPU
		{CD48B4F6-DB32-492A-8C4F-91019F9BF29D}.Release|Any CPU.ActiveCfg = Release|Any CPU
		{CD48B4F6-DB32-492A-8C4F-91019F9BF29D}.Release|Any CPU.Build.0 = Release|Any CPU
		{1C7B6C96-C99E-4C48-995F-C9C83904D8A4}.Debug|Any CPU.ActiveCfg = Debug|Any CPU
		{1C7B6C96-C99E-4C48-995F-C9C83904D8A4}.Debug|Any CPU.Build.0 = Debug|Any CPU
		{1C7B6C96-C99E-4C48-995F-C9C83904D8A4}.Release|Any CPU.ActiveCfg = Release|Any CPU
		{1C7B6C96-C99E-4C48-995F-C9C83904D8A4}.Release|Any CPU.Build.0 = Release|Any CPU
		{8C46197C-0A0A-403F-BD21-6F1C00F25416}.Debug|Any CPU.ActiveCfg = Debug|Any CPU
		{8C46197C-0A0A-403F-BD21-6F1C00F25416}.Debug|Any CPU.Build.0 = Debug|Any CPU
		{8C46197C-0A0A-403F-BD21-6F1C00F25416}.Release|Any CPU.ActiveCfg = Release|Any CPU
		{8C46197C-0A0A-403F-BD21-6F1C00F25416}.Release|Any CPU.Build.0 = Release|Any CPU
		{1A17B7E9-726F-4C2D-9157-BBE010EC44F9}.Debug|Any CPU.ActiveCfg = Debug|Any CPU
		{1A17B7E9-726F-4C2D-9157-BBE010EC44F9}.Debug|Any CPU.Build.0 = Debug|Any CPU
		{1A17B7E9-726F-4C2D-9157-BBE010EC44F9}.Release|Any CPU.ActiveCfg = Release|Any CPU
		{1A17B7E9-726F-4C2D-9157-BBE010EC44F9}.Release|Any CPU.Build.0 = Release|Any CPU
		{44229961-460D-4870-9E5F-237F116B092B}.Debug|Any CPU.ActiveCfg = Debug|Any CPU
		{44229961-460D-4870-9E5F-237F116B092B}.Debug|Any CPU.Build.0 = Debug|Any CPU
		{44229961-460D-4870-9E5F-237F116B092B}.Release|Any CPU.ActiveCfg = Release|Any CPU
		{44229961-460D-4870-9E5F-237F116B092B}.Release|Any CPU.Build.0 = Release|Any CPU
		{93AFE19E-2576-4EF6-A1E5-36E6961EDC1C}.Debug|Any CPU.ActiveCfg = Debug|Any CPU
		{93AFE19E-2576-4EF6-A1E5-36E6961EDC1C}.Debug|Any CPU.Build.0 = Debug|Any CPU
		{93AFE19E-2576-4EF6-A1E5-36E6961EDC1C}.Release|Any CPU.ActiveCfg = Release|Any CPU
		{93AFE19E-2576-4EF6-A1E5-36E6961EDC1C}.Release|Any CPU.Build.0 = Release|Any CPU
		{6D785C8D-4E2C-492C-9A2F-3450534A7350}.Debug|Any CPU.ActiveCfg = Debug|Any CPU
		{6D785C8D-4E2C-492C-9A2F-3450534A7350}.Debug|Any CPU.Build.0 = Debug|Any CPU
		{6D785C8D-4E2C-492C-9A2F-3450534A7350}.Release|Any CPU.ActiveCfg = Release|Any CPU
		{6D785C8D-4E2C-492C-9A2F-3450534A7350}.Release|Any CPU.Build.0 = Release|Any CPU
		{2553068F-9552-49F8-BA86-7A61042FDD3C}.Debug|Any CPU.ActiveCfg = Debug|Any CPU
		{2553068F-9552-49F8-BA86-7A61042FDD3C}.Debug|Any CPU.Build.0 = Debug|Any CPU
		{2553068F-9552-49F8-BA86-7A61042FDD3C}.Release|Any CPU.ActiveCfg = Release|Any CPU
		{2553068F-9552-49F8-BA86-7A61042FDD3C}.Release|Any CPU.Build.0 = Release|Any CPU
		{BE26CA22-E7BB-4B13-B8F0-28FB66181582}.Debug|Any CPU.ActiveCfg = Debug|Any CPU
		{BE26CA22-E7BB-4B13-B8F0-28FB66181582}.Debug|Any CPU.Build.0 = Debug|Any CPU
		{BE26CA22-E7BB-4B13-B8F0-28FB66181582}.Release|Any CPU.ActiveCfg = Release|Any CPU
		{BE26CA22-E7BB-4B13-B8F0-28FB66181582}.Release|Any CPU.Build.0 = Release|Any CPU
		{6DD4AFD0-5C18-4CFC-8A3B-9EA767B1E0FB}.Debug|Any CPU.ActiveCfg = Debug|Any CPU
		{6DD4AFD0-5C18-4CFC-8A3B-9EA767B1E0FB}.Debug|Any CPU.Build.0 = Debug|Any CPU
		{6DD4AFD0-5C18-4CFC-8A3B-9EA767B1E0FB}.Release|Any CPU.ActiveCfg = Release|Any CPU
		{6DD4AFD0-5C18-4CFC-8A3B-9EA767B1E0FB}.Release|Any CPU.Build.0 = Release|Any CPU
	EndGlobalSection
	GlobalSection(SolutionProperties) = preSolution
		HideSolutionNode = FALSE
	EndGlobalSection
	GlobalSection(NestedProjects) = preSolution
		{DD15EA62-42E2-4BFD-ADAA-1D3CDBA4C5A0} = {A70AE28D-6EE5-411D-96EC-9000D945FA48}
		{C59855EE-2A90-4789-930B-39C7F4496555} = {A70AE28D-6EE5-411D-96EC-9000D945FA48}
		{5A99622E-63AA-4042-B112-AB5ADF759FB6} = {A70AE28D-6EE5-411D-96EC-9000D945FA48}
		{38423E10-4E3A-458A-A9C8-CF5D6FC7CA51} = {5A99622E-63AA-4042-B112-AB5ADF759FB6}
		{F2D5D5C8-ACA1-4FD8-9DD9-6E38BB96A465} = {5A99622E-63AA-4042-B112-AB5ADF759FB6}
		{05EC1E51-C92C-4D36-828F-0AC0B3EA50D3} = {5A99622E-63AA-4042-B112-AB5ADF759FB6}
		{5AF9B984-6166-4D4D-B931-650A284696A0} = {A70AE28D-6EE5-411D-96EC-9000D945FA48}
		{CA483652-0274-43D9-B229-AAF1675A3B6E} = {5AF9B984-6166-4D4D-B931-650A284696A0}
		{FFC96904-08A3-4CF4-A225-941B80F1229F} = {5AF9B984-6166-4D4D-B931-650A284696A0}
		{FAB5A407-D270-4CB5-A7E6-851F57D3E886} = {5AF9B984-6166-4D4D-B931-650A284696A0}
		{2AE1B46A-DFEE-4E17-AA6D-CC6CBCD71694} = {5A99622E-63AA-4042-B112-AB5ADF759FB6}
		{A1D816B3-B359-460A-877F-F5D04E7970D3} = {492E575B-3387-46E4-9271-36CA35AE9177}
		{8C465D22-7DE4-4BF2-8556-952B76E5BA39} = {D4DBEAA9-18E5-49D1-9EBB-993A428EDDB9}
		{B936B900-507C-4C27-8A41-760316B177BC} = {ED189655-B045-452D-8D99-1733F0395FF2}
		{A002F33C-F4D4-40D0-AC34-97CE0181612D} = {ED189655-B045-452D-8D99-1733F0395FF2}
		{CD48B4F6-DB32-492A-8C4F-91019F9BF29D} = {ED189655-B045-452D-8D99-1733F0395FF2}
		{74ECDDAC-EB20-4058-85DA-CFAA29AA39B2} = {A70AE28D-6EE5-411D-96EC-9000D945FA48}
		{1C7B6C96-C99E-4C48-995F-C9C83904D8A4} = {74ECDDAC-EB20-4058-85DA-CFAA29AA39B2}
		{8C46197C-0A0A-403F-BD21-6F1C00F25416} = {74ECDDAC-EB20-4058-85DA-CFAA29AA39B2}
		{1A17B7E9-726F-4C2D-9157-BBE010EC44F9} = {74ECDDAC-EB20-4058-85DA-CFAA29AA39B2}
		{44229961-460D-4870-9E5F-237F116B092B} = {74ECDDAC-EB20-4058-85DA-CFAA29AA39B2}
		{93AFE19E-2576-4EF6-A1E5-36E6961EDC1C} = {DD15EA62-42E2-4BFD-ADAA-1D3CDBA4C5A0}
		{021FABC1-C5D0-4252-B2A7-AA03D5B1BB7C} = {E45F0D16-72ED-4F35-A51A-C4A8FEF9A11F}
		{30FFE491-99B4-4E89-9278-BCF0C1A5616E} = {A70AE28D-6EE5-411D-96EC-9000D945FA48}
		{6D785C8D-4E2C-492C-9A2F-3450534A7350} = {30FFE491-99B4-4E89-9278-BCF0C1A5616E}
		{2553068F-9552-49F8-BA86-7A61042FDD3C} = {30FFE491-99B4-4E89-9278-BCF0C1A5616E}
		{BE26CA22-E7BB-4B13-B8F0-28FB66181582} = {30FFE491-99B4-4E89-9278-BCF0C1A5616E}
		{6DD4AFD0-5C18-4CFC-8A3B-9EA767B1E0FB} = {30FFE491-99B4-4E89-9278-BCF0C1A5616E}
	EndGlobalSection
	GlobalSection(ExtensibilityGlobals) = postSolution
		SolutionGuid = {4F7E4409-6E24-433E-AFEB-941FC51B76A2}
	EndGlobalSection
EndGlobal
